
Microsoft Visual Studio Solution File, Format Version 12.00
# Visual Studio Version 17
VisualStudioVersion = 17.3.32929.385
MinimumVisualStudioVersion = 10.0.40219.1
Project("{FAE04EC0-301F-11D3-BF4B-00C04F79EFBC}") = "Esercizio Dictionary 1", "Esercizio Dictionary 1.csproj", "{6B4A0923-E25A-4316-8FAE-7400D86BE43E}"
EndProject
Global
	GlobalSection(SolutionConfigurationPlatforms) = preSolution
		Debug|Any CPU = Debug|Any CPU
		Release|Any CPU = Release|Any CPU
	EndGlobalSection
	GlobalSection(ProjectConfigurationPlatforms) = postSolution
		{6B4A0923-E25A-4316-8FAE-7400D86BE43E}.Debug|Any CPU.ActiveCfg = Debug|Any CPU
		{6B4A0923-E25A-4316-8FAE-7400D86BE43E}.Debug|Any CPU.Build.0 = Debug|Any CPU
		{6B4A0923-E25A-4316-8FAE-7400D86BE43E}.Release|Any CPU.ActiveCfg = Release|Any CPU
		{6B4A0923-E25A-4316-8FAE-7400D86BE43E}.Release|Any CPU.Build.0 = Release|Any CPU
	EndGlobalSection
	GlobalSection(SolutionProperties) = preSolution
		HideSolutionNode = FALSE
	EndGlobalSection
	GlobalSection(ExtensibilityGlobals) = postSolution
		SolutionGuid = {E3A86B57-E5C9-4E02-9CF6-F51CDF12E43C}
	EndGlobalSection
EndGlobal
